// !$*UTF8*$!
{
	archiveVersion = 1;
	classes = {
	};
	objectVersion = 46;
	objects = {

/* Begin PBXBuildFile section */
		2C7DE56C1DC45CC90094F2B6 /* AppDelegate.swift in Sources */ = {isa = PBXBuildFile; fileRef = 2C7DE56B1DC45CC90094F2B6 /* AppDelegate.swift */; };
		2C7DE56E1DC45CC90094F2B6 /* Assets.xcassets in Resources */ = {isa = PBXBuildFile; fileRef = 2C7DE56D1DC45CC90094F2B6 /* Assets.xcassets */; };
		2C7DE5711DC45CCA0094F2B6 /* MainMenu.xib in Resources */ = {isa = PBXBuildFile; fileRef = 2C7DE56F1DC45CCA0094F2B6 /* MainMenu.xib */; };
/* End PBXBuildFile section */

/* Begin PBXFileReference section */
		2C7DE5681DC45CC90094F2B6 /* MenubarApplication.app */ = {isa = PBXFileReference; explicitFileType = wrapper.application; includeInIndex = 0; path = MenubarApplication.app; sourceTree = BUILT_PRODUCTS_DIR; };
		2C7DE56B1DC45CC90094F2B6 /* AppDelegate.swift */ = {isa = PBXFileReference; lastKnownFileType = sourcecode.swift; path = AppDelegate.swift; sourceTree = "<group>"; };
		2C7DE56D1DC45CC90094F2B6 /* Assets.xcassets */ = {isa = PBXFileReference; lastKnownFileType = folder.assetcatalog; path = Assets.xcassets; sourceTree = "<group>"; };
		2C7DE5701DC45CCA0094F2B6 /* Base */ = {isa = PBXFileReference; lastKnownFileType = file.xib; name = Base; path = Base.lproj/MainMenu.xib; sourceTree = "<group>"; };
		2C7DE5721DC45CCA0094F2B6 /* Info.plist */ = {isa = PBXFileReference; lastKnownFileType = text.plist.xml; path = Info.plist; sourceTree = "<group>"; };
/* End PBXFileReference section */

/* Begin PBXFrameworksBuildPhase section */
		2C7DE5651DC45CC90094F2B6 /* Frameworks */ = {
			isa = PBXFrameworksBuildPhase;
			buildActionMask = 2147483647;
			files = (
			);
			runOnlyForDeploymentPostprocessing = 0;
		};
/* End PBXFrameworksBuildPhase section */

/* Begin PBXGroup section */
		2C7DE55F1DC45CC90094F2B6 = {
			isa = PBXGroup;
			children = (
				2C7DE56A1DC45CC90094F2B6 /* MenubarApplication */,
				2C7DE5691DC45CC90094F2B6 /* Products */,
			);
			sourceTree = "<group>";
		};
		2C7DE5691DC45CC90094F2B6 /* Products */ = {
			isa = PBXGroup;
			children = (
				2C7DE5681DC45CC90094F2B6 /* MenubarApplication.app */,
			);
			name = Products;
			sourceTree = "<group>";
		};
		2C7DE56A1DC45CC90094F2B6 /* MenubarApplication */ = {
			isa = PBXGroup;
			children = (
				2C7DE56B1DC45CC90094F2B6 /* AppDelegate.swift */,
				2C7DE56D1DC45CC90094F2B6 /* Assets.xcassets */,
				2C7DE56F1DC45CCA0094F2B6 /* MainMenu.xib */,
				2C7DE5721DC45CCA0094F2B6 /* Info.plist */,
			);
			path = MenubarApplication;
			sourceTree = "<group>";
		};
/* End PBXGroup section */

/* Begin PBXNativeTarget section */
		2C7DE5671DC45CC90094F2B6 /* MenubarApplication */ = {
			isa = PBXNativeTarget;
			buildConfigurationList = 2C7DE5751DC45CCA0094F2B6 /* Build configuration list for PBXNativeTarget "MenubarApplication" */;
			buildPhases = (
				2C7DE5641DC45CC90094F2B6 /* Sources */,
				2C7DE5651DC45CC90094F2B6 /* Frameworks */,
				2C7DE5661DC45CC90094F2B6 /* Resources */,
			);
			buildRules = (
			);
			dependencies = (
			);
			name = MenubarApplication;
			productName = MenubarApplication;
			productReference = 2C7DE5681DC45CC90094F2B6 /* MenubarApplication.app */;
			productType = "com.apple.product-type.application";
		};
/* End PBXNativeTarget section */

/* Begin PBXProject section */
		2C7DE5601DC45CC90094F2B6 /* Project object */ = {
			isa = PBXProject;
			attributes = {
				LastSwiftUpdateCheck = 0800;
				LastUpgradeCheck = 0800;
				ORGANIZATIONNAME = tasuwo;
				TargetAttributes = {
					2C7DE5671DC45CC90094F2B6 = {
						CreatedOnToolsVersion = 8.0;
						ProvisioningStyle = Automatic;
					};
				};
			};
			buildConfigurationList = 2C7DE5631DC45CC90094F2B6 /* Build configuration list for PBXProject "MenubarApplication" */;
			compatibilityVersion = "Xcode 3.2";
			developmentRegion = English;
			hasScannedForEncodings = 0;
			knownRegions = (
				en,
				Base,
			);
			mainGroup = 2C7DE55F1DC45CC90094F2B6;
			productRefGroup = 2C7DE5691DC45CC90094F2B6 /* Products */;
			projectDirPath = "";
			projectRoot = "";
			targets = (
				2C7DE5671DC45CC90094F2B6 /* MenubarApplication */,
			);
		};
/* End PBXProject section */

/* Begin PBXResourcesBuildPhase section */
		2C7DE5661DC45CC90094F2B6 /* Resources */ = {
			isa = PBXResourcesBuildPhase;
			buildActionMask = 2147483647;
			files = (
				2C7DE56E1DC45CC90094F2B6 /* Assets.xcassets in Resources */,
				2C7DE5711DC45CCA0094F2B6 /* MainMenu.xib in Resources */,
			);
			runOnlyForDeploymentPostprocessing = 0;
		};
/* End PBXResourcesBuildPhase section */

/* Begin PBXSourcesBuildPhase section */
		2C7DE5641DC45CC90094F2B6 /* Sources */ = {
			isa = PBXSourcesBuildPhase;
			buildActionMask = 2147483647;
			files = (
				2C7DE56C1DC45CC90094F2B6 /* AppDelegate.swift in Sources */,
			);
			runOnlyForDeploymentPostprocessing = 0;
		};
/* End PBXSourcesBuildPhase section */

/* Begin PBXVariantGroup section */
		2C7DE56F1DC45CCA0094F2B6 /* MainMenu.xib */ = {
			isa = PBXVariantGroup;
			children = (
				2C7DE5701DC45CCA0094F2B6 /* Base */,
			);
			name = MainMenu.xib;
			sourceTree = "<group>";
		};
/* End PBXVariantGroup section */

/* Begin XCBuildConfiguration section */
		2C7DE5731DC45CCA0094F2B6 /* Debug */ = {
			isa = XCBuildConfiguration;
			buildSettings = {
				ALWAYS_SEARCH_USER_PATHS = NO;
				CLANG_ANALYZER_NONNULL = YES;
				CLANG_CXX_LANGUAGE_STANDARD = "gnu++0x";
				CLANG_CXX_LIBRARY = "libc++";
				CLANG_ENABLE_MODULES = YES;
				CLANG_ENABLE_OBJC_ARC = YES;
				CLANG_WARN_BOOL_CONVERSION = YES;
				CLANG_WARN_CONSTANT_CONVERSION = YES;
				CLANG_WARN_DIRECT_OBJC_ISA_USAGE = YES_ERROR;
				CLANG_WARN_DOCUMENTATION_COMMENTS = YES;
				CLANG_WARN_EMPTY_BODY = YES;
				CLANG_WARN_ENUM_CONVERSION = YES;
				CLANG_WARN_INFINITE_RECURSION = YES;
				CLANG_WARN_INT_CONVERSION = YES;
				CLANG_WARN_OBJC_ROOT_CLASS = YES_ERROR;
				CLANG_WARN_SUSPICIOUS_MOVES = YES;
				CLANG_WARN_UNREACHABLE_CODE = YES;
				CLANG_WARN__DUPLICATE_METHOD_MATCH = YES;
				CODE_SIGN_IDENTITY = "-";
				COPY_PHASE_STRIP = NO;
				DEBUG_INFORMATION_FORMAT = dwarf;
				ENABLE_STRICT_OBJC_MSGSEND = YES;
				ENABLE_TESTABILITY = YES;
				GCC_C_LANGUAGE_STANDARD = gnu99;
				GCC_DYNAMIC_NO_PIC = NO;
				GCC_NO_COMMON_BLOCKS = YES;
				GCC_OPTIMIZATION_LEVEL = 0;
				GCC_PREPROCESSOR_DEFINITIONS = (
					"DEBUG=1",
					"$(inherited)",
				);
				GCC_WARN_64_TO_32_BIT_CONVERSION = YES;
				GCC_WARN_ABOUT_RETURN_TYPE = YES_ERROR;
				GCC_WARN_UNDECLARED_SELECTOR = YES;
				GCC_WARN_UNINITIALIZED_AUTOS = YES_AGGRESSIVE;
				GCC_WARN_UNUSED_FUNCTION = YES;
				GCC_WARN_UNUSED_VARIABLE = YES;
				MACOSX_DEPLOYMENT_TARGET = 10.12;
				MTL_ENABLE_DEBUG_INFO = YES;
				ONLY_ACTIVE_ARCH = YES;
				SDKROOT = macosx;
				SWIFT_ACTIVE_COMPILATION_CONDITIONS = DEBUG;
				SWIFT_OPTIMIZATION_LEVEL = "-Onone";
			};
			name = Debug;
		};
		2C7DE5741DC45CCA0094F2B6 /* Release */ = {
			isa = XCBuildConfiguration;
			buildSettings = {
				ALWAYS_SEARCH_USER_PATHS = NO;
				CLANG_ANALYZER_NONNULL = YES;
				CLANG_CXX_LANGUAGE_STANDARD = "gnu++0x";
				CLANG_CXX_LIBRARY = "libc++";
				CLANG_ENABLE_MODULES = YES;
				CLANG_ENABLE_OBJC_ARC = YES;
				CLANG_WARN_BOOL_CONVERSION = YES;
				CLANG_WARN_CONSTANT_CONVERSION = YES;
				CLANG_WARN_DIRECT_OBJC_ISA_USAGE = YES_ERROR;
				CLANG_WARN_DOCUMENTATION_COMMENTS = YES;
				CLANG_WARN_EMPTY_BODY = YES;
				CLANG_WARN_ENUM_CONVERSION = YES;
				CLANG_WARN_INFINITE_RECURSION = YES;
				CLANG_WARN_INT_CONVERSION = YES;
				CLANG_WARN_OBJC_ROOT_CLASS = YES_ERROR;
				CLANG_WARN_SUSPICIOUS_MOVES = YES;
				CLANG_WARN_UNREACHABLE_CODE = YES;
				CLANG_WARN__DUPLICATE_METHOD_MATCH = YES;
				CODE_SIGN_IDENTITY = "-";
				COPY_PHASE_STRIP = NO;
				DEBUG_INFORMATION_FORMAT = "dwarf-with-dsym";
				ENABLE_NS_ASSERTIONS = NO;
				ENABLE_STRICT_OBJC_MSGSEND = YES;
				GCC_C_LANGUAGE_STANDARD = gnu99;
				GCC_NO_COMMON_BLOCKS = YES;
				GCC_WARN_64_TO_32_BIT_CONVERSION = YES;
				GCC_WARN_ABOUT_RETURN_TYPE = YES_ERROR;
				GCC_WARN_UNDECLARED_SELECTOR = YES;
				GCC_WARN_UNINITIALIZED_AUTOS = YES_AGGRESSIVE;
				GCC_WARN_UNUSED_FUNCTION = YES;
				GCC_WARN_UNUSED_VARIABLE = YES;
				MACOSX_DEPLOYMENT_TARGET = 10.12;
				MTL_ENABLE_DEBUG_INFO = NO;
				SDKROOT = macosx;
				SWIFT_OPTIMIZATION_LEVEL = "-Owholemodule";
			};
			name = Release;
		};
		2C7DE5761DC45CCA0094F2B6 /* Debug */ = {
			isa = XCBuildConfiguration;
			buildSettings = {
				ASSETCATALOG_COMPILER_APPICON_NAME = AppIcon;
				COMBINE_HIDPI_IMAGES = YES;
				INFOPLIST_FILE = MenubarApplication/Info.plist;
				LD_RUNPATH_SEARCH_PATHS = "$(inherited) @executable_path/../Frameworks";
				PRODUCT_BUNDLE_IDENTIFIER = tasuwo.com.MenubarApplication;
				PRODUCT_NAME = "$(TARGET_NAME)";
				SWIFT_VERSION = 3.0;
			};
			name = Debug;
		};
		2C7DE5771DC45CCA0094F2B6 /* Release */ = {
			isa = XCBuildConfiguration;
			buildSettings = {
				ASSETCATALOG_COMPILER_APPICON_NAME = AppIcon;
				COMBINE_HIDPI_IMAGES = YES;
				INFOPLIST_FILE = MenubarApplication/Info.plist;
				LD_RUNPATH_SEARCH_PATHS = "$(inherited) @executable_path/../Frameworks";
				PRODUCT_BUNDLE_IDENTIFIER = tasuwo.com.MenubarApplication;
				PRODUCT_NAME = "$(TARGET_NAME)";
				SWIFT_VERSION = 3.0;
			};
			name = Release;
		};
/* End XCBuildConfiguration section */

/* Begin XCConfigurationList section */
		2C7DE5631DC45CC90094F2B6 /* Build configuration list for PBXProject "MenubarApplication" */ = {
			isa = XCConfigurationList;
			buildConfigurations = (
				2C7DE5731DC45CCA0094F2B6 /* Debug */,
				2C7DE5741DC45CCA0094F2B6 /* Release */,
			);
			defaultConfigurationIsVisible = 0;
			defaultConfigurationName = Release;
		};
		2C7DE5751DC45CCA0094F2B6 /* Build configuration list for PBXNativeTarget "MenubarApplication" */ = {
			isa = XCConfigurationList;
			buildConfigurations = (
				2C7DE5761DC45CCA0094F2B6 /* Debug */,
				2C7DE5771DC45CCA0094F2B6 /* Release */,
			);
			defaultConfigurationIsVisible = 0;
		};
/* End XCConfigurationList section */
	};
	rootObject = 2C7DE5601DC45CC90094F2B6 /* Project object */;
}
